
Microsoft Visual Studio Solution File, Format Version 12.00
# Visual Studio Version 17
VisualStudioVersion = 17.2.32630.192
MinimumVisualStudioVersion = 10.0.40219.1
Project("{FAE04EC0-301F-11D3-BF4B-00C04F79EFBC}") = "Homework 2", "Homework 2.csproj", "{97847B5B-BF67-4142-9C7B-F0610BCA2C0B}"
EndProject
Global
	GlobalSection(SolutionConfigurationPlatforms) = preSolution
		Debug|Any CPU = Debug|Any CPU
		Release|Any CPU = Release|Any CPU
	EndGlobalSection
	GlobalSection(ProjectConfigurationPlatforms) = postSolution
		{97847B5B-BF67-4142-9C7B-F0610BCA2C0B}.Debug|Any CPU.ActiveCfg = Debug|Any CPU
		{97847B5B-BF67-4142-9C7B-F0610BCA2C0B}.Debug|Any CPU.Build.0 = Debug|Any CPU
		{97847B5B-BF67-4142-9C7B-F0610BCA2C0B}.Release|Any CPU.ActiveCfg = Release|Any CPU
		{97847B5B-BF67-4142-9C7B-F0610BCA2C0B}.Release|Any CPU.Build.0 = Release|Any CPU
	EndGlobalSection
	GlobalSection(SolutionProperties) = preSolution
		HideSolutionNode = FALSE
	EndGlobalSection
	GlobalSection(ExtensibilityGlobals) = postSolution
		SolutionGuid = {B2056B9E-4E56-446B-90E9-7DF96D93FAA9}
	EndGlobalSection
EndGlobal
