
Microsoft Visual Studio Solution File, Format Version 12.00
# Visual Studio Version 17
VisualStudioVersion = 17.2.32630.192
MinimumVisualStudioVersion = 10.0.40219.1
Project("{FAE04EC0-301F-11D3-BF4B-00C04F79EFBC}") = "GroupVersionControl", "GroupVersionControl.csproj", "{DF728F39-08C7-467D-94CA-FCC2A741CF34}"
EndProject
Global
	GlobalSection(SolutionConfigurationPlatforms) = preSolution
		Debug|Any CPU = Debug|Any CPU
		Release|Any CPU = Release|Any CPU
	EndGlobalSection
	GlobalSection(ProjectConfigurationPlatforms) = postSolution
		{DF728F39-08C7-467D-94CA-FCC2A741CF34}.Debug|Any CPU.ActiveCfg = Debug|Any CPU
		{DF728F39-08C7-467D-94CA-FCC2A741CF34}.Debug|Any CPU.Build.0 = Debug|Any CPU
		{DF728F39-08C7-467D-94CA-FCC2A741CF34}.Release|Any CPU.ActiveCfg = Release|Any CPU
		{DF728F39-08C7-467D-94CA-FCC2A741CF34}.Release|Any CPU.Build.0 = Release|Any CPU
	EndGlobalSection
	GlobalSection(SolutionProperties) = preSolution
		HideSolutionNode = FALSE
	EndGlobalSection
	GlobalSection(ExtensibilityGlobals) = postSolution
		SolutionGuid = {D9274DD0-B5E4-48A0-BEA0-16731A9C25F7}
	EndGlobalSection
EndGlobal
